
Microsoft Visual Studio Solution File, Format Version 12.00
# Visual Studio 2015
Project("{FAE04EC0-301F-11D3-BF4B-00C04F79EFBC}") = "JanusProject.CSharp", "JanusProject.CSharp.csproj", "{77F68031-CC90-E275-8EE6-43B710B63634}"
EndProject
Project("{FAE04EC0-301F-11D3-BF4B-00C04F79EFBC}") = "JanusProject.CSharp.Editor", "JanusProject.CSharp.Editor.csproj", "{B6CE96E6-DB5D-E46E-BE19-D3F7690050E1}"
EndProject
Global
	GlobalSection(SolutionConfigurationPlatforms) = preSolution
		Debug|Any CPU = Debug|Any CPU
		Release|Any CPU = Release|Any CPU
	EndGlobalSection
	GlobalSection(ProjectConfigurationPlatforms) = postSolution
		{77F68031-CC90-E275-8EE6-43B710B63634}.Debug|Any CPU.ActiveCfg = Debug|Any CPU
		{77F68031-CC90-E275-8EE6-43B710B63634}.Debug|Any CPU.Build.0 = Debug|Any CPU
		{77F68031-CC90-E275-8EE6-43B710B63634}.Release|Any CPU.ActiveCfg = Release|Any CPU
		{77F68031-CC90-E275-8EE6-43B710B63634}.Release|Any CPU.Build.0 = Release|Any CPU
		{B6CE96E6-DB5D-E46E-BE19-D3F7690050E1}.Debug|Any CPU.ActiveCfg = Debug|Any CPU
		{B6CE96E6-DB5D-E46E-BE19-D3F7690050E1}.Debug|Any CPU.Build.0 = Debug|Any CPU
		{B6CE96E6-DB5D-E46E-BE19-D3F7690050E1}.Release|Any CPU.ActiveCfg = Release|Any CPU
		{B6CE96E6-DB5D-E46E-BE19-D3F7690050E1}.Release|Any CPU.Build.0 = Release|Any CPU
	EndGlobalSection
	GlobalSection(SolutionProperties) = preSolution
		HideSolutionNode = FALSE
	EndGlobalSection
EndGlobal
