
Microsoft Visual Studio Solution File, Format Version 12.00
# Visual Studio 2015
Project("{FAE04EC0-301F-11D3-BF4B-00C04F79EFBC}") = "JanusExporter", "JanusExporter.csproj", "{6ED893AD-ABE4-74D5-4468-11838B81D1E7}"
EndProject
Project("{FAE04EC0-301F-11D3-BF4B-00C04F79EFBC}") = "JanusExporter.Editor", "JanusExporter.Editor.csproj", "{398EE5F4-84B0-4D75-EA62-C590149F4466}"
EndProject
Global
	GlobalSection(SolutionConfigurationPlatforms) = preSolution
		Debug|Any CPU = Debug|Any CPU
		Release|Any CPU = Release|Any CPU
	EndGlobalSection
	GlobalSection(ProjectConfigurationPlatforms) = postSolution
		{6ED893AD-ABE4-74D5-4468-11838B81D1E7}.Debug|Any CPU.ActiveCfg = Debug|Any CPU
		{6ED893AD-ABE4-74D5-4468-11838B81D1E7}.Debug|Any CPU.Build.0 = Debug|Any CPU
		{6ED893AD-ABE4-74D5-4468-11838B81D1E7}.Release|Any CPU.ActiveCfg = Release|Any CPU
		{6ED893AD-ABE4-74D5-4468-11838B81D1E7}.Release|Any CPU.Build.0 = Release|Any CPU
		{398EE5F4-84B0-4D75-EA62-C590149F4466}.Debug|Any CPU.ActiveCfg = Debug|Any CPU
		{398EE5F4-84B0-4D75-EA62-C590149F4466}.Debug|Any CPU.Build.0 = Debug|Any CPU
		{398EE5F4-84B0-4D75-EA62-C590149F4466}.Release|Any CPU.ActiveCfg = Release|Any CPU
		{398EE5F4-84B0-4D75-EA62-C590149F4466}.Release|Any CPU.Build.0 = Release|Any CPU
	EndGlobalSection
	GlobalSection(SolutionProperties) = preSolution
		HideSolutionNode = FALSE
	EndGlobalSection
EndGlobal
